
Microsoft Visual Studio Solution File, Format Version 12.00
# Visual Studio Version 16
VisualStudioVersion = 16.0.29926.136
MinimumVisualStudioVersion = 10.0.40219.1
Project("{FAE04EC0-301F-11D3-BF4B-00C04F79EFBC}") = "MeadowLauncher", "MeadowLauncher\MeadowLauncher.csproj", "{B4F2CCF5-682B-4165-8E98-E2074BE7A6A4}"
EndProject
Global
	GlobalSection(SolutionConfigurationPlatforms) = preSolution
		Debug|Any CPU = Debug|Any CPU
		Release|Any CPU = Release|Any CPU
	EndGlobalSection
	GlobalSection(ProjectConfigurationPlatforms) = postSolution
		{B4F2CCF5-682B-4165-8E98-E2074BE7A6A4}.Debug|Any CPU.ActiveCfg = Debug|Any CPU
		{B4F2CCF5-682B-4165-8E98-E2074BE7A6A4}.Debug|Any CPU.Build.0 = Debug|Any CPU
		{B4F2CCF5-682B-4165-8E98-E2074BE7A6A4}.Release|Any CPU.ActiveCfg = Release|Any CPU
		{B4F2CCF5-682B-4165-8E98-E2074BE7A6A4}.Release|Any CPU.Build.0 = Release|Any CPU
	EndGlobalSection
	GlobalSection(SolutionProperties) = preSolution
		HideSolutionNode = FALSE
	EndGlobalSection
	GlobalSection(ExtensibilityGlobals) = postSolution
		SolutionGuid = {33B638CA-DB58-4451-904E-870EF7BE062F}
	EndGlobalSection
EndGlobal
